
Microsoft Visual Studio Solution File, Format Version 12.00
# Visual Studio 15
VisualStudioVersion = 15.0.27130.2003
MinimumVisualStudioVersion = 10.0.40219.1
Project("{8BC9CEB8-8B4A-11D0-8D11-00A0C91BC942}") = "System1", "System1.vcxproj", "{EF114191-4D58-59D8-9962-34667C85E444}"
EndProject
Project("{8BC9CEB8-8B4A-11D0-8D11-00A0C91BC942}") = "HelloWorld", "HelloWorld.vcxproj", "{FB496946-90F7-5DD0-BE3E-832340691753}"
EndProject
Global
	GlobalSection(SolutionConfigurationPlatforms) = preSolution
		Debug|Win32 = Debug|Win32
		Debug|x64 = Debug|x64
		Release|Win32 = Release|Win32
		Release|x64 = Release|x64
	EndGlobalSection
	GlobalSection(ProjectConfigurationPlatforms) = postSolution
		{EF114191-4D58-59D8-9962-34667C85E444}.Debug|Win32.ActiveCfg = Debug|Win32
		{EF114191-4D58-59D8-9962-34667C85E444}.Debug|Win32.Build.0 = Debug|Win32
		{EF114191-4D58-59D8-9962-34667C85E444}.Debug|x64.ActiveCfg = Debug|x64
		{EF114191-4D58-59D8-9962-34667C85E444}.Debug|x64.Build.0 = Debug|x64
		{EF114191-4D58-59D8-9962-34667C85E444}.Release|Win32.ActiveCfg = Release|Win32
		{EF114191-4D58-59D8-9962-34667C85E444}.Release|Win32.Build.0 = Release|Win32
		{EF114191-4D58-59D8-9962-34667C85E444}.Release|x64.ActiveCfg = Release|x64
		{EF114191-4D58-59D8-9962-34667C85E444}.Release|x64.Build.0 = Release|x64
		{FB496946-90F7-5DD0-BE3E-832340691753}.Debug|Win32.ActiveCfg = Debug|Win32
		{FB496946-90F7-5DD0-BE3E-832340691753}.Debug|Win32.Build.0 = Debug|Win32
		{FB496946-90F7-5DD0-BE3E-832340691753}.Debug|x64.ActiveCfg = Debug|x64
		{FB496946-90F7-5DD0-BE3E-832340691753}.Debug|x64.Build.0 = Debug|x64
		{FB496946-90F7-5DD0-BE3E-832340691753}.Release|Win32.ActiveCfg = Release|Win32
		{FB496946-90F7-5DD0-BE3E-832340691753}.Release|Win32.Build.0 = Release|Win32
		{FB496946-90F7-5DD0-BE3E-832340691753}.Release|x64.ActiveCfg = Release|x64
		{FB496946-90F7-5DD0-BE3E-832340691753}.Release|x64.Build.0 = Release|x64
	EndGlobalSection
	GlobalSection(SolutionProperties) = preSolution
		HideSolutionNode = FALSE
	EndGlobalSection
EndGlobal
